<?xml version="1.0" encoding="utf-8"?>
<Project ToolsVersion="4.0" xmlns="http://schemas.microsoft.com/developer/msbuild/2003">
  <ItemGroup>
    <Filter Include="소스 파일">
      <UniqueIdentifier>{4FC737F1-C7A5-4376-A066-2A32D752A2FF}</UniqueIdentifier>
      <Extensions>cpp;c;cc;cxx;c++;cppm;ixx;def;odl;idl;hpj;bat;asm;asmx</Extensions>
    </Filter>
    <Filter Include="헤더 파일">
      <UniqueIdentifier>{93995380-89BD-4b04-88EB-625FBE52EBFB}</UniqueIdentifier>
      <Extensions>h;hh;hpp;hxx;h++;hm;inl;inc;ipp;xsd</Extensions>
    </Filter>
    <Filter Include="리소스 파일">
      <UniqueIdentifier>{67DA6AB6-F800-4c08-8B7A-83BB121AAD01}</UniqueIdentifier>
      <Extensions>rc;ico;cur;bmp;dlg;rc2;rct;bin;rgs;gif;jpg;jpeg;jpe;resx;tiff;tif;png;wav;mfcribbon-ms</Extensions>
    </Filter>
    <Filter Include="View">
      <UniqueIdentifier>{B1C2D3E4-F5A6-7890-BCDE-F01234567890}</UniqueIdentifier>
    </Filter>
    <Filter Include="Util">
      <UniqueIdentifier>{C2D3E4F5-A6B7-8901-CDEF-012345678901}</UniqueIdentifier>
    </Filter>
    <Filter Include="Model">
      <UniqueIdentifier>{D3E4F5A6-B7C8-9012-DEF0-123456789012}</UniqueIdentifier>
    </Filter>
    <Filter Include="Controller">
      <UniqueIdentifier>{F5A6B7C8-D9E0-1234-F012-345678901234}</UniqueIdentifier>
    </Filter>
    <Filter Include="Test">
      <UniqueIdentifier>{E4F5A6B7-C8D9-0123-EF01-234567890123}</UniqueIdentifier>
    </Filter>
  </ItemGroup>
  <ItemGroup>
    <ClCompile Include="main.cpp">
      <Filter>소스 파일</Filter>
    </ClCompile>
    <ClCompile Include="View\SplashView.cpp">
      <Filter>View</Filter>
    </ClCompile>
    <ClCompile Include="View\MainView.cpp">
      <Filter>View</Filter>
    </ClCompile>
    <ClCompile Include="View\SampleView.cpp">
      <Filter>View</Filter>
    </ClCompile>
    <ClCompile Include="View\OrderView.cpp">
      <Filter>View</Filter>
    </ClCompile>
    <ClCompile Include="View\ApprovalView.cpp">
      <Filter>View</Filter>
    </ClCompile>
    <ClCompile Include="View\MonitoringView.cpp">
      <Filter>View</Filter>
    </ClCompile>
    <ClCompile Include="View\ProductionView.cpp">
      <Filter>View</Filter>
    </ClCompile>
    <ClCompile Include="View\ReleaseView.cpp">
      <Filter>View</Filter>
    </ClCompile>
    <ClCompile Include="Util\SystemClock.cpp">
      <Filter>Util</Filter>
    </ClCompile>
    <ClCompile Include="Util\DummyDataGenerator.cpp">
      <Filter>Util</Filter>
    </ClCompile>
    <ClCompile Include="Controller\SampleController.cpp">
      <Filter>Controller</Filter>
    </ClCompile>
    <ClCompile Include="Controller\OrderController.cpp">
      <Filter>Controller</Filter>
    </ClCompile>
    <ClCompile Include="Model\SampleRepository.cpp">
      <Filter>Model</Filter>
    </ClCompile>
    <ClCompile Include="Model\OrderRepository.cpp">
      <Filter>Model</Filter>
    </ClCompile>
    <ClCompile Include="Test\SanityTest.cpp">
      <Filter>Test</Filter>
    </ClCompile>
    <ClCompile Include="Test\DomainModelTest.cpp">
      <Filter>Test</Filter>
    </ClCompile>
    <ClCompile Include="Test\RepositoryTest.cpp">
      <Filter>Test</Filter>
    </ClCompile>
    <ClCompile Include="Test\SampleControllerTest.cpp">
      <Filter>Test</Filter>
    </ClCompile>
    <ClCompile Include="Test\OrderControllerTest.cpp">
      <Filter>Test</Filter>
    </ClCompile>
    <ClCompile Include="Test\ProductionControllerTest.cpp">
      <Filter>Test</Filter>
    </ClCompile>
    <ClCompile Include="Test\ReleaseControllerTest.cpp">
      <Filter>Test</Filter>
    </ClCompile>
    <ClCompile Include="Controller\ProductionController.cpp">
      <Filter>Controller</Filter>
    </ClCompile>
    <ClCompile Include="Controller\ReleaseController.cpp">
      <Filter>Controller</Filter>
    </ClCompile>
    <ClCompile Include="Controller\MonitoringController.cpp">
      <Filter>Controller</Filter>
    </ClCompile>
    <ClCompile Include="Test\MonitoringControllerTest.cpp">
      <Filter>Test</Filter>
    </ClCompile>
  </ItemGroup>
  <ItemGroup>
    <ClInclude Include="View\SplashView.h">
      <Filter>View</Filter>
    </ClInclude>
    <ClInclude Include="View\MainView.h">
      <Filter>View</Filter>
    </ClInclude>
    <ClInclude Include="View\SampleView.h">
      <Filter>View</Filter>
    </ClInclude>
    <ClInclude Include="View\OrderView.h">
      <Filter>View</Filter>
    </ClInclude>
    <ClInclude Include="View\ApprovalView.h">
      <Filter>View</Filter>
    </ClInclude>
    <ClInclude Include="View\MonitoringView.h">
      <Filter>View</Filter>
    </ClInclude>
    <ClInclude Include="View\ProductionView.h">
      <Filter>View</Filter>
    </ClInclude>
    <ClInclude Include="View\ReleaseView.h">
      <Filter>View</Filter>
    </ClInclude>
    <ClInclude Include="Controller\SampleController.h">
      <Filter>Controller</Filter>
    </ClInclude>
    <ClInclude Include="Controller\OrderController.h">
      <Filter>Controller</Filter>
    </ClInclude>
    <ClInclude Include="Controller\ProductionController.h">
      <Filter>Controller</Filter>
    </ClInclude>
    <ClInclude Include="Controller\ReleaseController.h">
      <Filter>Controller</Filter>
    </ClInclude>
    <ClInclude Include="Controller\MonitoringController.h">
      <Filter>Controller</Filter>
    </ClInclude>
    <ClInclude Include="Model\OrderSummary.h">
      <Filter>Model</Filter>
    </ClInclude>
    <ClInclude Include="Model\InventoryStatus.h">
      <Filter>Model</Filter>
    </ClInclude>
    <ClInclude Include="Model\ISampleRepository.h">
      <Filter>Model</Filter>
    </ClInclude>
    <ClInclude Include="Model\SampleRepository.h">
      <Filter>Model</Filter>
    </ClInclude>
    <ClInclude Include="Model\IOrderRepository.h">
      <Filter>Model</Filter>
    </ClInclude>
    <ClInclude Include="Model\OrderRepository.h">
      <Filter>Model</Filter>
    </ClInclude>
    <ClInclude Include="Model\OrderStatus.h">
      <Filter>Model</Filter>
    </ClInclude>
    <ClInclude Include="Model\Sample.h">
      <Filter>Model</Filter>
    </ClInclude>
    <ClInclude Include="Model\Order.h">
      <Filter>Model</Filter>
    </ClInclude>
    <ClInclude Include="Util\DummyDataGenerator.h">
      <Filter>Util</Filter>
    </ClInclude>
    <ClInclude Include="Util\Constants.h">
      <Filter>Util</Filter>
    </ClInclude>
    <ClInclude Include="Util\IClock.h">
      <Filter>Util</Filter>
    </ClInclude>
    <ClInclude Include="Util\SystemClock.h">
      <Filter>Util</Filter>
    </ClInclude>
  </ItemGroup>
  <ItemGroup>
    <None Include="packages.config" />
    <None Include="Util\json.hpp">
      <Filter>Util</Filter>
    </None>
  </ItemGroup>
</Project>
